{
  "name": "nodejs-in-action-notes",
  "version": "1.0.0",
  "lockfileVersion": 1,
  "requires": true,
  "dependencies": {
    "async": {
      "version": "3.2.1",
      "resolved": "https://registry.nlark.com/async/download/async-3.2.1.tgz?cache=0&other_urls=https%3A%2F%2Fregistry.nlark.com%2Fasync%2Fdownload%2Fasync-3.2.1.tgz",
      "integrity": "sha1-0ydOxm0QekdHakxJE2qs2wBmX8g="
    },
    "htmlparser": {
      "version": "1.7.7",
      "resolved": "https://registry.npm.taobao.org/htmlparser/download/htmlparser-1.7.7.tgz",
      "integrity": "sha1-GeezmX/2+6yZrlp9J2ZInv5+LQ4="
    },
    "requset": {
      "version": "0.0.1-security",
      "resolved": "https://registry.nlark.com/requset/download/requset-0.0.1-security.tgz",
      "integrity": "sha1-K8gBJCL6s+ks53UN+q3b8Aoh/aA="
    }
  }
}
